// !$*UTF8*$!
{
	archiveVersion = 1;
	classes = {
	};
	objectVersion = 46;
	objects = {

/* Begin PBXBuildFile section */
		4DCEA4D51F4691CD0042BD4A /* main.m in Sources */ = {isa = PBXBuildFile; fileRef = 4DCEA4D41F4691CD0042BD4A /* main.m */; };
		4DCEA4D81F4691CD0042BD4A /* AppDelegate.m in Sources */ = {isa = PBXBuildFile; fileRef = 4DCEA4D71F4691CD0042BD4A /* AppDelegate.m */; };
		4DCEA4DB1F4691CD0042BD4A /* ViewController.m in Sources */ = {isa = PBXBuildFile; fileRef = 4DCEA4DA1F4691CD0042BD4A /* ViewController.m */; };
		4DCEA4DE1F4691CE0042BD4A /* Main.storyboard in Resources */ = {isa = PBXBuildFile; fileRef = 4DCEA4DC1F4691CE0042BD4A /* Main.storyboard */; };
		4DCEA4E01F4691CE0042BD4A /* Assets.xcassets in Resources */ = {isa = PBXBuildFile; fileRef = 4DCEA4DF1F4691CE0042BD4A /* Assets.xcassets */; };
		4DCEA4E31F4691CE0042BD4A /* LaunchScreen.storyboard in Resources */ = {isa = PBXBuildFile; fileRef = 4DCEA4E11F4691CE0042BD4A /* LaunchScreen.storyboard */; };
		4DCEA4F01F4691FC0042BD4A /* UIImage+LineView.m in Sources */ = {isa = PBXBuildFile; fileRef = 4DCEA4EB1F4691FC0042BD4A /* UIImage+LineView.m */; };
		4DCEA4F11F4691FC0042BD4A /* TOCTestView.m in Sources */ = {isa = PBXBuildFile; fileRef = 4DCEA4ED1F4691FC0042BD4A /* TOCTestView.m */; };
		4DCEA4F21F4691FC0042BD4A /* TOCGraphicView.m in Sources */ = {isa = PBXBuildFile; fileRef = 4DCEA4EF1F4691FC0042BD4A /* TOCGraphicView.m */; };
/* End PBXBuildFile section */

/* Begin PBXFileReference section */
		4DCEA4D01F4691CD0042BD4A /* GomokuGame.app */ = {isa = PBXFileReference; explicitFileType = wrapper.application; includeInIndex = 0; path = GomokuGame.app; sourceTree = BUILT_PRODUCTS_DIR; };
		4DCEA4D41F4691CD0042BD4A /* main.m */ = {isa = PBXFileReference; lastKnownFileType = sourcecode.c.objc; path = main.m; sourceTree = "<group>"; };
		4DCEA4D61F4691CD0042BD4A /* AppDelegate.h */ = {isa = PBXFileReference; lastKnownFileType = sourcecode.c.h; path = AppDelegate.h; sourceTree = "<group>"; };
		4DCEA4D71F4691CD0042BD4A /* AppDelegate.m */ = {isa = PBXFileReference; lastKnownFileType = sourcecode.c.objc; path = AppDelegate.m; sourceTree = "<group>"; };
		4DCEA4D91F4691CD0042BD4A /* ViewController.h */ = {isa = PBXFileReference; lastKnownFileType = sourcecode.c.h; path = ViewController.h; sourceTree = "<group>"; };
		4DCEA4DA1F4691CD0042BD4A /* ViewController.m */ = {isa = PBXFileReference; lastKnownFileType = sourcecode.c.objc; path = ViewController.m; sourceTree = "<group>"; };
		4DCEA4DD1F4691CE0042BD4A /* Base */ = {isa = PBXFileReference; lastKnownFileType = file.storyboard; name = Base; path = Base.lproj/Main.storyboard; sourceTree = "<group>"; };
		4DCEA4DF1F4691CE0042BD4A /* Assets.xcassets */ = {isa = PBXFileReference; lastKnownFileType = folder.assetcatalog; path = Assets.xcassets; sourceTree = "<group>"; };
		4DCEA4E21F4691CE0042BD4A /* Base */ = {isa = PBXFileReference; lastKnownFileType = file.storyboard; name = Base; path = Base.lproj/LaunchScreen.storyboard; sourceTree = "<group>"; };
		4DCEA4E41F4691CE0042BD4A /* Info.plist */ = {isa = PBXFileReference; lastKnownFileType = text.plist.xml; path = Info.plist; sourceTree = "<group>"; };
		4DCEA4EA1F4691FC0042BD4A /* UIImage+LineView.h */ = {isa = PBXFileReference; fileEncoding = 4; lastKnownFileType = sourcecode.c.h; path = "UIImage+LineView.h"; sourceTree = "<group>"; };
		4DCEA4EB1F4691FC0042BD4A /* UIImage+LineView.m */ = {isa = PBXFileReference; fileEncoding = 4; lastKnownFileType = sourcecode.c.objc; path = "UIImage+LineView.m"; sourceTree = "<group>"; };
		4DCEA4EC1F4691FC0042BD4A /* TOCTestView.h */ = {isa = PBXFileReference; fileEncoding = 4; lastKnownFileType = sourcecode.c.h; path = TOCTestView.h; sourceTree = "<group>"; };
		4DCEA4ED1F4691FC0042BD4A /* TOCTestView.m */ = {isa = PBXFileReference; fileEncoding = 4; lastKnownFileType = sourcecode.c.objc; path = TOCTestView.m; sourceTree = "<group>"; };
		4DCEA4EE1F4691FC0042BD4A /* TOCGraphicView.h */ = {isa = PBXFileReference; fileEncoding = 4; lastKnownFileType = sourcecode.c.h; path = TOCGraphicView.h; sourceTree = "<group>"; };
		4DCEA4EF1F4691FC0042BD4A /* TOCGraphicView.m */ = {isa = PBXFileReference; fileEncoding = 4; lastKnownFileType = sourcecode.c.objc; path = TOCGraphicView.m; sourceTree = "<group>"; };
/* End PBXFileReference section */

/* Begin PBXFrameworksBuildPhase section */
		4DCEA4CD1F4691CD0042BD4A /* Frameworks */ = {
			isa = PBXFrameworksBuildPhase;
			buildActionMask = 2147483647;
			files = (
			);
			runOnlyForDeploymentPostprocessing = 0;
		};
/* End PBXFrameworksBuildPhase section */

/* Begin PBXGroup section */
		4DCEA4C71F4691CC0042BD4A = {
			isa = PBXGroup;
			children = (
				4DCEA4D21F4691CD0042BD4A /* GomokuGame */,
				4DCEA4D11F4691CD0042BD4A /* Products */,
			);
			sourceTree = "<group>";
		};
		4DCEA4D11F4691CD0042BD4A /* Products */ = {
			isa = PBXGroup;
			children = (
				4DCEA4D01F4691CD0042BD4A /* GomokuGame.app */,
			);
			name = Products;
			sourceTree = "<group>";
		};
		4DCEA4D21F4691CD0042BD4A /* GomokuGame */ = {
			isa = PBXGroup;
			children = (
				4DCEA4EA1F4691FC0042BD4A /* UIImage+LineView.h */,
				4DCEA4EB1F4691FC0042BD4A /* UIImage+LineView.m */,
				4DCEA4EC1F4691FC0042BD4A /* TOCTestView.h */,
				4DCEA4ED1F4691FC0042BD4A /* TOCTestView.m */,
				4DCEA4EE1F4691FC0042BD4A /* TOCGraphicView.h */,
				4DCEA4EF1F4691FC0042BD4A /* TOCGraphicView.m */,
				4DCEA4D61F4691CD0042BD4A /* AppDelegate.h */,
				4DCEA4D71F4691CD0042BD4A /* AppDelegate.m */,
				4DCEA4D91F4691CD0042BD4A /* ViewController.h */,
				4DCEA4DA1F4691CD0042BD4A /* ViewController.m */,
				4DCEA4DC1F4691CE0042BD4A /* Main.storyboard */,
				4DCEA4DF1F4691CE0042BD4A /* Assets.xcassets */,
				4DCEA4E11F4691CE0042BD4A /* LaunchScreen.storyboard */,
				4DCEA4E41F4691CE0042BD4A /* Info.plist */,
				4DCEA4D31F4691CD0042BD4A /* Supporting Files */,
			);
			path = GomokuGame;
			sourceTree = "<group>";
		};
		4DCEA4D31F4691CD0042BD4A /* Supporting Files */ = {
			isa = PBXGroup;
			children = (
				4DCEA4D41F4691CD0042BD4A /* main.m */,
			);
			name = "Supporting Files";
			sourceTree = "<group>";
		};
/* End PBXGroup section */

/* Begin PBXNativeTarget section */
		4DCEA4CF1F4691CD0042BD4A /* GomokuGame */ = {
			isa = PBXNativeTarget;
			buildConfigurationList = 4DCEA4E71F4691CE0042BD4A /* Build configuration list for PBXNativeTarget "GomokuGame" */;
			buildPhases = (
				4DCEA4CC1F4691CD0042BD4A /* Sources */,
				4DCEA4CD1F4691CD0042BD4A /* Frameworks */,
				4DCEA4CE1F4691CD0042BD4A /* Resources */,
			);
			buildRules = (
			);
			dependencies = (
			);
			name = GomokuGame;
			productName = GomokuGame;
			productReference = 4DCEA4D01F4691CD0042BD4A /* GomokuGame.app */;
			productType = "com.apple.product-type.application";
		};
/* End PBXNativeTarget section */

/* Begin PBXProject section */
		4DCEA4C81F4691CD0042BD4A /* Project object */ = {
			isa = PBXProject;
			attributes = {
				LastUpgradeCheck = 0830;
				ORGANIZATIONNAME = "ZYP-MAC";
				TargetAttributes = {
					4DCEA4CF1F4691CD0042BD4A = {
						CreatedOnToolsVersion = 8.3.3;
						DevelopmentTeam = 94Y24QML38;
						ProvisioningStyle = Automatic;
					};
				};
			};
			buildConfigurationList = 4DCEA4CB1F4691CD0042BD4A /* Build configuration list for PBXProject "GomokuGame" */;
			compatibilityVersion = "Xcode 3.2";
			developmentRegion = English;
			hasScannedForEncodings = 0;
			knownRegions = (
				en,
				Base,
			);
			mainGroup = 4DCEA4C71F4691CC0042BD4A;
			productRefGroup = 4DCEA4D11F4691CD0042BD4A /* Products */;
			projectDirPath = "";
			projectRoot = "";
			targets = (
				4DCEA4CF1F4691CD0042BD4A /* GomokuGame */,
			);
		};
/* End PBXProject section */

/* Begin PBXResourcesBuildPhase section */
		4DCEA4CE1F4691CD0042BD4A /* Resources */ = {
			isa = PBXResourcesBuildPhase;
			buildActionMask = 2147483647;
			files = (
				4DCEA4E31F4691CE0042BD4A /* LaunchScreen.storyboard in Resources */,
				4DCEA4E01F4691CE0042BD4A /* Assets.xcassets in Resources */,
				4DCEA4DE1F4691CE0042BD4A /* Main.storyboard in Resources */,
			);
			runOnlyForDeploymentPostprocessing = 0;
		};
/* End PBXResourcesBuildPhase section */

/* Begin PBXSourcesBuildPhase section */
		4DCEA4CC1F4691CD0042BD4A /* Sources */ = {
			isa = PBXSourcesBuildPhase;
			buildActionMask = 2147483647;
			files = (
				4DCEA4F11F4691FC0042BD4A /* TOCTestView.m in Sources */,
				4DCEA4F01F4691FC0042BD4A /* UIImage+LineView.m in Sources */,
				4DCEA4F21F4691FC0042BD4A /* TOCGraphicView.m in Sources */,
				4DCEA4DB1F4691CD0042BD4A /* ViewController.m in Sources */,
				4DCEA4D81F4691CD0042BD4A /* AppDelegate.m in Sources */,
				4DCEA4D51F4691CD0042BD4A /* main.m in Sources */,
			);
			runOnlyForDeploymentPostprocessing = 0;
		};
/* End PBXSourcesBuildPhase section */

/* Begin PBXVariantGroup section */
		4DCEA4DC1F4691CE0042BD4A /* Main.storyboard */ = {
			isa = PBXVariantGroup;
			children = (
				4DCEA4DD1F4691CE0042BD4A /* Base */,
			);
			name = Main.storyboard;
			sourceTree = "<group>";
		};
		4DCEA4E11F4691CE0042BD4A /* LaunchScreen.storyboard */ = {
			isa = PBXVariantGroup;
			children = (
				4DCEA4E21F4691CE0042BD4A /* Base */,
			);
			name = LaunchScreen.storyboard;
			sourceTree = "<group>";
		};
/* End PBXVariantGroup section */

/* Begin XCBuildConfiguration section */
		4DCEA4E51F4691CE0042BD4A /* Debug */ = {
			isa = XCBuildConfiguration;
			buildSettings = {
				ALWAYS_SEARCH_USER_PATHS = NO;
				CLANG_ANALYZER_NONNULL = YES;
				CLANG_ANALYZER_NUMBER_OBJECT_CONVERSION = YES_AGGRESSIVE;
				CLANG_CXX_LANGUAGE_STANDARD = "gnu++0x";
				CLANG_CXX_LIBRARY = "libc++";
				CLANG_ENABLE_MODULES = YES;
				CLANG_ENABLE_OBJC_ARC = YES;
				CLANG_WARN_BOOL_CONVERSION = YES;
				CLANG_WARN_CONSTANT_CONVERSION = YES;
				CLANG_WARN_DIRECT_OBJC_ISA_USAGE = YES_ERROR;
				CLANG_WARN_DOCUMENTATION_COMMENTS = YES;
				CLANG_WARN_EMPTY_BODY = YES;
				CLANG_WARN_ENUM_CONVERSION = YES;
				CLANG_WARN_INFINITE_RECURSION = YES;
				CLANG_WARN_INT_CONVERSION = YES;
				CLANG_WARN_OBJC_ROOT_CLASS = YES_ERROR;
				CLANG_WARN_SUSPICIOUS_MOVE = YES;
				CLANG_WARN_UNREACHABLE_CODE = YES;
				CLANG_WARN__DUPLICATE_METHOD_MATCH = YES;
				"CODE_SIGN_IDENTITY[sdk=iphoneos*]" = "iPhone Developer";
				COPY_PHASE_STRIP = NO;
				DEBUG_INFORMATION_FORMAT = dwarf;
				ENABLE_STRICT_OBJC_MSGSEND = YES;
				ENABLE_TESTABILITY = YES;
				GCC_C_LANGUAGE_STANDARD = gnu99;
				GCC_DYNAMIC_NO_PIC = NO;
				GCC_NO_COMMON_BLOCKS = YES;
				GCC_OPTIMIZATION_LEVEL = 0;
				GCC_PREPROCESSOR_DEFINITIONS = (
					"DEBUG=1",
					"$(inherited)",
				);
				GCC_WARN_64_TO_32_BIT_CONVERSION = YES;
				GCC_WARN_ABOUT_RETURN_TYPE = YES_ERROR;
				GCC_WARN_UNDECLARED_SELECTOR = YES;
				GCC_WARN_UNINITIALIZED_AUTOS = YES_AGGRESSIVE;
				GCC_WARN_UNUSED_FUNCTION = YES;
				GCC_WARN_UNUSED_VARIABLE = YES;
				IPHONEOS_DEPLOYMENT_TARGET = 10.3;
				MTL_ENABLE_DEBUG_INFO = YES;
				ONLY_ACTIVE_ARCH = YES;
				SDKROOT = iphoneos;
			};
			name = Debug;
		};
		4DCEA4E61F4691CE0042BD4A /* Release */ = {
			isa = XCBuildConfiguration;
			buildSettings = {
				ALWAYS_SEARCH_USER_PATHS = NO;
				CLANG_ANALYZER_NONNULL = YES;
				CLANG_ANALYZER_NUMBER_OBJECT_CONVERSION = YES_AGGRESSIVE;
				CLANG_CXX_LANGUAGE_STANDARD = "gnu++0x";
				CLANG_CXX_LIBRARY = "libc++";
				CLANG_ENABLE_MODULES = YES;
				CLANG_ENABLE_OBJC_ARC = YES;
				CLANG_WARN_BOOL_CONVERSION = YES;
				CLANG_WARN_CONSTANT_CONVERSION = YES;
				CLANG_WARN_DIRECT_OBJC_ISA_USAGE = YES_ERROR;
				CLANG_WARN_DOCUMENTATION_COMMENTS = YES;
				CLANG_WARN_EMPTY_BODY = YES;
				CLANG_WARN_ENUM_CONVERSION = YES;
				CLANG_WARN_INFINITE_RECURSION = YES;
				CLANG_WARN_INT_CONVERSION = YES;
				CLANG_WARN_OBJC_ROOT_CLASS = YES_ERROR;
				CLANG_WARN_SUSPICIOUS_MOVE = YES;
				CLANG_WARN_UNREACHABLE_CODE = YES;
				CLANG_WARN__DUPLICATE_METHOD_MATCH = YES;
				"CODE_SIGN_IDENTITY[sdk=iphoneos*]" = "iPhone Developer";
				COPY_PHASE_STRIP = NO;
				DEBUG_INFORMATION_FORMAT = "dwarf-with-dsym";
				ENABLE_NS_ASSERTIONS = NO;
				ENABLE_STRICT_OBJC_MSGSEND = YES;
				GCC_C_LANGUAGE_STANDARD = gnu99;
				GCC_NO_COMMON_BLOCKS = YES;
				GCC_WARN_64_TO_32_BIT_CONVERSION = YES;
				GCC_WARN_ABOUT_RETURN_TYPE = YES_ERROR;
				GCC_WARN_UNDECLARED_SELECTOR = YES;
				GCC_WARN_UNINITIALIZED_AUTOS = YES_AGGRESSIVE;
				GCC_WARN_UNUSED_FUNCTION = YES;
				GCC_WARN_UNUSED_VARIABLE = YES;
				IPHONEOS_DEPLOYMENT_TARGET = 10.3;
				MTL_ENABLE_DEBUG_INFO = NO;
				SDKROOT = iphoneos;
				VALIDATE_PRODUCT = YES;
			};
			name = Release;
		};
		4DCEA4E81F4691CE0042BD4A /* Debug */ = {
			isa = XCBuildConfiguration;
			buildSettings = {
				ASSETCATALOG_COMPILER_APPICON_NAME = AppIcon;
				DEVELOPMENT_TEAM = 94Y24QML38;
				INFOPLIST_FILE = GomokuGame/Info.plist;
				IPHONEOS_DEPLOYMENT_TARGET = 9.0;
				LD_RUNPATH_SEARCH_PATHS = "$(inherited) @executable_path/Frameworks";
				PRODUCT_BUNDLE_IDENTIFIER = ZYP.GomokuGame;
				PRODUCT_NAME = "$(TARGET_NAME)";
			};
			name = Debug;
		};
		4DCEA4E91F4691CE0042BD4A /* Release */ = {
			isa = XCBuildConfiguration;
			buildSettings = {
				ASSETCATALOG_COMPILER_APPICON_NAME = AppIcon;
				DEVELOPMENT_TEAM = 94Y24QML38;
				INFOPLIST_FILE = GomokuGame/Info.plist;
				IPHONEOS_DEPLOYMENT_TARGET = 9.0;
				LD_RUNPATH_SEARCH_PATHS = "$(inherited) @executable_path/Frameworks";
				PRODUCT_BUNDLE_IDENTIFIER = ZYP.GomokuGame;
				PRODUCT_NAME = "$(TARGET_NAME)";
			};
			name = Release;
		};
/* End XCBuildConfiguration section */

/* Begin XCConfigurationList section */
		4DCEA4CB1F4691CD0042BD4A /* Build configuration list for PBXProject "GomokuGame" */ = {
			isa = XCConfigurationList;
			buildConfigurations = (
				4DCEA4E51F4691CE0042BD4A /* Debug */,
				4DCEA4E61F4691CE0042BD4A /* Release */,
			);
			defaultConfigurationIsVisible = 0;
			defaultConfigurationName = Release;
		};
		4DCEA4E71F4691CE0042BD4A /* Build configuration list for PBXNativeTarget "GomokuGame" */ = {
			isa = XCConfigurationList;
			buildConfigurations = (
				4DCEA4E81F4691CE0042BD4A /* Debug */,
				4DCEA4E91F4691CE0042BD4A /* Release */,
			);
			defaultConfigurationIsVisible = 0;
		};
/* End XCConfigurationList section */
	};
	rootObject = 4DCEA4C81F4691CD0042BD4A /* Project object */;
}
